
Microsoft Visual Studio Solution File, Format Version 12.00
# Visual Studio Version 17
VisualStudioVersion = 17.5.33502.453
MinimumVisualStudioVersion = 10.0.40219.1
Project("{2150E333-8FDC-42A3-9474-1A3956D46DE8}") = "Internal", "Internal", "{388AE116-C17F-4112-80B6-DE323F392BC0}"
	ProjectSection(SolutionItems) = preProject
		Internal\.editorconfig = Internal\.editorconfig
	EndProjectSection
EndProject
Project("{2150E333-8FDC-42A3-9474-1A3956D46DE8}") = "Scripts", "Scripts", "{D68B9BD8-A598-4DC9-A333-7BFB9BB5C9D5}"
EndProject
Project("{2150E333-8FDC-42A3-9474-1A3956D46DE8}") = "Dlls", "Dlls", "{CBB29C07-52A3-4958-9C59-82AABAF1328B}"
	ProjectSection(SolutionItems) = preProject
		Dlls\ABOUT.md = Dlls\ABOUT.md
	EndProjectSection
EndProject
Project("{2150E333-8FDC-42A3-9474-1A3956D46DE8}") = "CompanionFiles", "CompanionFiles", "{A9708F5B-4DC7-4CEA-9F59-C602206E387A}"
EndProject
Project("{2150E333-8FDC-42A3-9474-1A3956D46DE8}") = "Skyline DataMiner", "Skyline DataMiner", "{8D336E47-02B4-4380-A485-7127E87BB4B3}"
	ProjectSection(SolutionItems) = preProject
		CompanionFiles\Skyline DataMiner\AboutThisFolder.md = CompanionFiles\Skyline DataMiner\AboutThisFolder.md
	EndProjectSection
EndProject
Project("{2150E333-8FDC-42A3-9474-1A3956D46DE8}") = "Documentation", "Documentation", "{20F35A6A-30ED-4A6D-B87E-4905C6B84CB1}"
	ProjectSection(SolutionItems) = preProject
		Documentation\ABOUT.md = Documentation\ABOUT.md
		README.md = README.md
	EndProjectSection
EndProject
Project("{2150E333-8FDC-42A3-9474-1A3956D46DE8}") = "Tests", "Tests", "{F8938D60-51A0-4880-9CFC-19C66379BB5D}"
EndProject
Project("{2150E333-8FDC-42A3-9474-1A3956D46DE8}") = "Code Analysis", "Code Analysis", "{277D76C5-D517-4791-8560-BB6BFA7AAC54}"
	ProjectSection(SolutionItems) = preProject
		Internal\Code Analysis\qaction-debug.ruleset = Internal\Code Analysis\qaction-debug.ruleset
		Internal\Code Analysis\qaction-release.ruleset = Internal\Code Analysis\qaction-release.ruleset
		Internal\Code Analysis\stylecop.json = Internal\Code Analysis\stylecop.json
	EndProjectSection
EndProject
Project("{2150E333-8FDC-42A3-9474-1A3956D46DE8}") = "EmpowerMicah", "EmpowerMicah", "{05608BB7-0471-4023-8C3E-D0E4F436B600}"
	ProjectSection(SolutionItems) = preProject
		EmpowerMicah.xml = EmpowerMicah.xml
	EndProjectSection
EndProject
Project("{2150E333-8FDC-42A3-9474-1A3956D46DE8}") = "Actions", "Actions", "{56BCB8A2-23E9-4901-9528-3353175E36D9}"
EndProject
Project("{9A19103F-16F7-4668-BE54-9A1E7A4F7556}") = "EmpowerMicah_1", "EmpowerMicah_1\EmpowerMicah_1.csproj", "{9AFE7CA2-FA50-497F-93ED-FCBA7ACC6841}"
EndProject
Global
	GlobalSection(SolutionConfigurationPlatforms) = preSolution
		Debug|Any CPU = Debug|Any CPU
		Release|Any CPU = Release|Any CPU
	EndGlobalSection
	GlobalSection(ProjectConfigurationPlatforms) = postSolution
		{9AFE7CA2-FA50-497F-93ED-FCBA7ACC6841}.Debug|Any CPU.ActiveCfg = Debug|Any CPU
		{9AFE7CA2-FA50-497F-93ED-FCBA7ACC6841}.Debug|Any CPU.Build.0 = Debug|Any CPU
		{9AFE7CA2-FA50-497F-93ED-FCBA7ACC6841}.Release|Any CPU.ActiveCfg = Release|Any CPU
		{9AFE7CA2-FA50-497F-93ED-FCBA7ACC6841}.Release|Any CPU.Build.0 = Release|Any CPU
	EndGlobalSection
	GlobalSection(SolutionProperties) = preSolution
		HideSolutionNode = FALSE
	EndGlobalSection
	GlobalSection(NestedProjects) = preSolution
		{8D336E47-02B4-4380-A485-7127E87BB4B3} = {A9708F5B-4DC7-4CEA-9F59-C602206E387A}
		{277D76C5-D517-4791-8560-BB6BFA7AAC54} = {388AE116-C17F-4112-80B6-DE323F392BC0}
		{05608BB7-0471-4023-8C3E-D0E4F436B600} = {D68B9BD8-A598-4DC9-A333-7BFB9BB5C9D5}
		{56BCB8A2-23E9-4901-9528-3353175E36D9} = {05608BB7-0471-4023-8C3E-D0E4F436B600}
		{9AFE7CA2-FA50-497F-93ED-FCBA7ACC6841} = {56BCB8A2-23E9-4901-9528-3353175E36D9}
	EndGlobalSection
	GlobalSection(ExtensibilityGlobals) = postSolution
		SolutionGuid = {455394EB-F99A-4B83-91F9-FC6384F407DE}
	EndGlobalSection
EndGlobal
